// !$*UTF8*$!
{
	archiveVersion = 1;
	classes = {
	};
	objectVersion = 46;
	objects = {

/* Begin PBXBuildFile section */
		8405CA1C1EFD750900433FD1 /* SongCollectionViewController.swift in Sources */ = {isa = PBXBuildFile; fileRef = 8405CA1B1EFD750900433FD1 /* SongCollectionViewController.swift */; };
		8405CA1F1F04068400433FD1 /* SongCollectionViewCell.swift in Sources */ = {isa = PBXBuildFile; fileRef = 8405CA1E1F04068400433FD1 /* SongCollectionViewCell.swift */; };
		843873911F11B9EC003F0B45 /* ReactiveSwift.framework in Frameworks */ = {isa = PBXBuildFile; fileRef = 843873901F11B9EC003F0B45 /* ReactiveSwift.framework */; };
		843873921F11B9F7003F0B45 /* ReactiveSwift.framework in CopyFiles */ = {isa = PBXBuildFile; fileRef = 843873901F11B9EC003F0B45 /* ReactiveSwift.framework */; settings = {ATTRIBUTES = (CodeSignOnCopy, RemoveHeadersOnCopy, ); }; };
		843873951F11C125003F0B45 /* ReactiveCocoa.framework in Frameworks */ = {isa = PBXBuildFile; fileRef = 843873931F11C125003F0B45 /* ReactiveCocoa.framework */; };
		843873961F11C125003F0B45 /* Result.framework in Frameworks */ = {isa = PBXBuildFile; fileRef = 843873941F11C125003F0B45 /* Result.framework */; };
		843873971F11C12F003F0B45 /* ReactiveCocoa.framework in CopyFiles */ = {isa = PBXBuildFile; fileRef = 843873931F11C125003F0B45 /* ReactiveCocoa.framework */; settings = {ATTRIBUTES = (CodeSignOnCopy, RemoveHeadersOnCopy, ); }; };
		843873981F11C12F003F0B45 /* Result.framework in CopyFiles */ = {isa = PBXBuildFile; fileRef = 843873941F11C125003F0B45 /* Result.framework */; settings = {ATTRIBUTES = (CodeSignOnCopy, RemoveHeadersOnCopy, ); }; };
		843873C71F1547D7003F0B45 /* Megrim.ttf in Resources */ = {isa = PBXBuildFile; fileRef = 843873C51F1547D7003F0B45 /* Megrim.ttf */; };
		843873C81F1547D7003F0B45 /* OFL.txt in Resources */ = {isa = PBXBuildFile; fileRef = 843873C61F1547D7003F0B45 /* OFL.txt */; };
		843873CC1F154C86003F0B45 /* LICENSE.txt in Resources */ = {isa = PBXBuildFile; fileRef = 843873CA1F154C86003F0B45 /* LICENSE.txt */; };
		843873CD1F154C86003F0B45 /* RockSalt.ttf in Resources */ = {isa = PBXBuildFile; fileRef = 843873CB1F154C86003F0B45 /* RockSalt.ttf */; };
		843873CF1F1562E2003F0B45 /* secrets.swift in Sources */ = {isa = PBXBuildFile; fileRef = 843873CE1F1562E2003F0B45 /* secrets.swift */; };
		846B1D201EE7549C00EB8FCD /* Alamofire.framework in Frameworks */ = {isa = PBXBuildFile; fileRef = 846B1D1F1EE7549C00EB8FCD /* Alamofire.framework */; };
		846B1D231EE754A500EB8FCD /* Nimble.framework in Frameworks */ = {isa = PBXBuildFile; fileRef = 846B1D211EE754A500EB8FCD /* Nimble.framework */; };
		846B1D241EE754A500EB8FCD /* Quick.framework in Frameworks */ = {isa = PBXBuildFile; fileRef = 846B1D221EE754A500EB8FCD /* Quick.framework */; };
		846B1D261EE754B800EB8FCD /* Alamofire.framework in CopyFiles */ = {isa = PBXBuildFile; fileRef = 846B1D1F1EE7549C00EB8FCD /* Alamofire.framework */; settings = {ATTRIBUTES = (CodeSignOnCopy, RemoveHeadersOnCopy, ); }; };
		846B1D281EE754C500EB8FCD /* Nimble.framework in CopyFiles */ = {isa = PBXBuildFile; fileRef = 846B1D211EE754A500EB8FCD /* Nimble.framework */; settings = {ATTRIBUTES = (CodeSignOnCopy, RemoveHeadersOnCopy, ); }; };
		846B1D291EE754C500EB8FCD /* Quick.framework in CopyFiles */ = {isa = PBXBuildFile; fileRef = 846B1D221EE754A500EB8FCD /* Quick.framework */; settings = {ATTRIBUTES = (CodeSignOnCopy, RemoveHeadersOnCopy, ); }; };
		846B1D391EE8550C00EB8FCD /* MusicService.swift in Sources */ = {isa = PBXBuildFile; fileRef = 846B1D381EE8550C00EB8FCD /* MusicService.swift */; };
		846B1D3B1EE8594200EB8FCD /* MusicServiceSpec.swift in Sources */ = {isa = PBXBuildFile; fileRef = 846B1D3A1EE8594200EB8FCD /* MusicServiceSpec.swift */; };
		846B1D401EE870E000EB8FCD /* Tag.swift in Sources */ = {isa = PBXBuildFile; fileRef = 846B1D3F1EE870E000EB8FCD /* Tag.swift */; };
		846B1D421EE879D200EB8FCD /* SwiftyJSON.framework in Frameworks */ = {isa = PBXBuildFile; fileRef = 846B1D411EE879D200EB8FCD /* SwiftyJSON.framework */; };
		846B1D431EE879DA00EB8FCD /* SwiftyJSON.framework in CopyFiles */ = {isa = PBXBuildFile; fileRef = 846B1D411EE879D200EB8FCD /* SwiftyJSON.framework */; settings = {ATTRIBUTES = (CodeSignOnCopy, RemoveHeadersOnCopy, ); }; };
		846B1D451EE8A37400EB8FCD /* Category.swift in Sources */ = {isa = PBXBuildFile; fileRef = 846B1D441EE8A37400EB8FCD /* Category.swift */; };
		846B1D471EE8AD4400EB8FCD /* Song.swift in Sources */ = {isa = PBXBuildFile; fileRef = 846B1D461EE8AD4400EB8FCD /* Song.swift */; };
		846B1D4D1EEB49F800EB8FCD /* SongViewModelSpec.swift in Sources */ = {isa = PBXBuildFile; fileRef = 846B1D4C1EEB49F800EB8FCD /* SongViewModelSpec.swift */; };
		846B1D4F1EEB4B0500EB8FCD /* SongViewModel.swift in Sources */ = {isa = PBXBuildFile; fileRef = 846B1D4E1EEB4B0500EB8FCD /* SongViewModel.swift */; };
		846B1D521EEEEA4E00EB8FCD /* TagViewModelSpec.swift in Sources */ = {isa = PBXBuildFile; fileRef = 846B1D511EEEEA4E00EB8FCD /* TagViewModelSpec.swift */; };
		846B1D561EEEEB9200EB8FCD /* TagViewModel.swift in Sources */ = {isa = PBXBuildFile; fileRef = 846B1D551EEEEB9200EB8FCD /* TagViewModel.swift */; };
		846B1D591EEEF72500EB8FCD /* TagTableViewController.swift in Sources */ = {isa = PBXBuildFile; fileRef = 846B1D581EEEF72500EB8FCD /* TagTableViewController.swift */; };
		846B1D5B1EEEF81400EB8FCD /* TagTableViewControllerSpec.swift in Sources */ = {isa = PBXBuildFile; fileRef = 846B1D5A1EEEF81400EB8FCD /* TagTableViewControllerSpec.swift */; };
		846B1D5D1EEF1EA200EB8FCD /* CategoryViewModelSpec.swift in Sources */ = {isa = PBXBuildFile; fileRef = 846B1D5C1EEF1EA200EB8FCD /* CategoryViewModelSpec.swift */; };
		846B1D611EEF204D00EB8FCD /* CategoryViewModel.swift in Sources */ = {isa = PBXBuildFile; fileRef = 846B1D601EEF204D00EB8FCD /* CategoryViewModel.swift */; };
		846B1D651EEF256500EB8FCD /* CategoryTableViewController.swift in Sources */ = {isa = PBXBuildFile; fileRef = 846B1D641EEF256500EB8FCD /* CategoryTableViewController.swift */; };
		846B1D671EEF268B00EB8FCD /* CategoryTableViewControllerSpec.swift in Sources */ = {isa = PBXBuildFile; fileRef = 846B1D661EEF268B00EB8FCD /* CategoryTableViewControllerSpec.swift */; };
		846B1DBA1EF3345000EB8FCD /* MockAPIdata.swift in Sources */ = {isa = PBXBuildFile; fileRef = 846B1DB91EF3345000EB8FCD /* MockAPIdata.swift */; };
		84E217F11EE74CE000B17813 /* AppDelegate.swift in Sources */ = {isa = PBXBuildFile; fileRef = 84E217F01EE74CE000B17813 /* AppDelegate.swift */; };
		84E217F61EE74CE000B17813 /* Main.storyboard in Resources */ = {isa = PBXBuildFile; fileRef = 84E217F41EE74CE000B17813 /* Main.storyboard */; };
		84E217F81EE74CE000B17813 /* Assets.xcassets in Resources */ = {isa = PBXBuildFile; fileRef = 84E217F71EE74CE000B17813 /* Assets.xcassets */; };
		84E217FB1EE74CE000B17813 /* LaunchScreen.storyboard in Resources */ = {isa = PBXBuildFile; fileRef = 84E217F91EE74CE000B17813 /* LaunchScreen.storyboard */; };
		84E218111EE74CE000B17813 /* JukeboxUITests.swift in Sources */ = {isa = PBXBuildFile; fileRef = 84E218101EE74CE000B17813 /* JukeboxUITests.swift */; };
/* End PBXBuildFile section */

/* Begin PBXContainerItemProxy section */
		84E218021EE74CE000B17813 /* PBXContainerItemProxy */ = {
			isa = PBXContainerItemProxy;
			containerPortal = 84E217E51EE74CE000B17813 /* Project object */;
			proxyType = 1;
			remoteGlobalIDString = 84E217EC1EE74CE000B17813;
			remoteInfo = Jukebox;
		};
		84E2180D1EE74CE000B17813 /* PBXContainerItemProxy */ = {
			isa = PBXContainerItemProxy;
			containerPortal = 84E217E51EE74CE000B17813 /* Project object */;
			proxyType = 1;
			remoteGlobalIDString = 84E217EC1EE74CE000B17813;
			remoteInfo = Jukebox;
		};
/* End PBXContainerItemProxy section */

/* Begin PBXCopyFilesBuildPhase section */
		846B1D251EE754A900EB8FCD /* CopyFiles */ = {
			isa = PBXCopyFilesBuildPhase;
			buildActionMask = 2147483647;
			dstPath = "";
			dstSubfolderSpec = 10;
			files = (
				843873971F11C12F003F0B45 /* ReactiveCocoa.framework in CopyFiles */,
				843873981F11C12F003F0B45 /* Result.framework in CopyFiles */,
				843873921F11B9F7003F0B45 /* ReactiveSwift.framework in CopyFiles */,
				846B1D431EE879DA00EB8FCD /* SwiftyJSON.framework in CopyFiles */,
				846B1D261EE754B800EB8FCD /* Alamofire.framework in CopyFiles */,
			);
			runOnlyForDeploymentPostprocessing = 0;
		};
		846B1D271EE754BC00EB8FCD /* CopyFiles */ = {
			isa = PBXCopyFilesBuildPhase;
			buildActionMask = 2147483647;
			dstPath = "";
			dstSubfolderSpec = 10;
			files = (
				846B1D281EE754C500EB8FCD /* Nimble.framework in CopyFiles */,
				846B1D291EE754C500EB8FCD /* Quick.framework in CopyFiles */,
			);
			runOnlyForDeploymentPostprocessing = 0;
		};
/* End PBXCopyFilesBuildPhase section */

/* Begin PBXFileReference section */
		8405CA1B1EFD750900433FD1 /* SongCollectionViewController.swift */ = {isa = PBXFileReference; fileEncoding = 4; lastKnownFileType = sourcecode.swift; name = SongCollectionViewController.swift; path = Views/SongCollectionViewController.swift; sourceTree = "<group>"; };
		8405CA1E1F04068400433FD1 /* SongCollectionViewCell.swift */ = {isa = PBXFileReference; fileEncoding = 4; lastKnownFileType = sourcecode.swift; name = SongCollectionViewCell.swift; path = Views/SongCollectionViewCell.swift; sourceTree = "<group>"; };
		843873901F11B9EC003F0B45 /* ReactiveSwift.framework */ = {isa = PBXFileReference; lastKnownFileType = wrapper.framework; name = ReactiveSwift.framework; path = Carthage/Build/iOS/ReactiveSwift.framework; sourceTree = "<group>"; };
		843873931F11C125003F0B45 /* ReactiveCocoa.framework */ = {isa = PBXFileReference; lastKnownFileType = wrapper.framework; name = ReactiveCocoa.framework; path = Carthage/Build/iOS/ReactiveCocoa.framework; sourceTree = "<group>"; };
		843873941F11C125003F0B45 /* Result.framework */ = {isa = PBXFileReference; lastKnownFileType = wrapper.framework; name = Result.framework; path = Carthage/Build/iOS/Result.framework; sourceTree = "<group>"; };
		843873BF1F1425E8003F0B45 /* Jukebox copy-Info.plist */ = {isa = PBXFileReference; lastKnownFileType = text.plist.xml; name = "Jukebox copy-Info.plist"; path = "/Users/sspecht/Desktop/Swift/Jukebox/Jukebox copy-Info.plist"; sourceTree = "<absolute>"; };
		843873C51F1547D7003F0B45 /* Megrim.ttf */ = {isa = PBXFileReference; lastKnownFileType = file; name = Megrim.ttf; path = ../Resources/Megrim/Megrim.ttf; sourceTree = "<group>"; };
		843873C61F1547D7003F0B45 /* OFL.txt */ = {isa = PBXFileReference; fileEncoding = 4; lastKnownFileType = text; name = OFL.txt; path = ../Resources/Megrim/OFL.txt; sourceTree = "<group>"; };
		843873CA1F154C86003F0B45 /* LICENSE.txt */ = {isa = PBXFileReference; fileEncoding = 4; lastKnownFileType = text; name = LICENSE.txt; path = ../Resources/Rock_Salt/LICENSE.txt; sourceTree = "<group>"; };
		843873CB1F154C86003F0B45 /* RockSalt.ttf */ = {isa = PBXFileReference; lastKnownFileType = file; name = RockSalt.ttf; path = ../Resources/Rock_Salt/RockSalt.ttf; sourceTree = "<group>"; };
		843873CE1F1562E2003F0B45 /* secrets.swift */ = {isa = PBXFileReference; fileEncoding = 4; lastKnownFileType = sourcecode.swift; path = secrets.swift; sourceTree = "<group>"; };
		846B1D1F1EE7549C00EB8FCD /* Alamofire.framework */ = {isa = PBXFileReference; lastKnownFileType = wrapper.framework; name = Alamofire.framework; path = Carthage/Build/iOS/Alamofire.framework; sourceTree = "<group>"; };
		846B1D211EE754A500EB8FCD /* Nimble.framework */ = {isa = PBXFileReference; lastKnownFileType = wrapper.framework; name = Nimble.framework; path = Carthage/Build/iOS/Nimble.framework; sourceTree = "<group>"; };
		846B1D221EE754A500EB8FCD /* Quick.framework */ = {isa = PBXFileReference; lastKnownFileType = wrapper.framework; name = Quick.framework; path = Carthage/Build/iOS/Quick.framework; sourceTree = "<group>"; };
		846B1D381EE8550C00EB8FCD /* MusicService.swift */ = {isa = PBXFileReference; fileEncoding = 4; lastKnownFileType = sourcecode.swift; name = MusicService.swift; path = Services/MusicService.swift; sourceTree = "<group>"; };
		846B1D3A1EE8594200EB8FCD /* MusicServiceSpec.swift */ = {isa = PBXFileReference; fileEncoding = 4; lastKnownFileType = sourcecode.swift; path = MusicServiceSpec.swift; sourceTree = "<group>"; };
		846B1D3F1EE870E000EB8FCD /* Tag.swift */ = {isa = PBXFileReference; fileEncoding = 4; lastKnownFileType = sourcecode.swift; name = Tag.swift; path = Models/Tag.swift; sourceTree = "<group>"; };
		846B1D411EE879D200EB8FCD /* SwiftyJSON.framework */ = {isa = PBXFileReference; lastKnownFileType = wrapper.framework; name = SwiftyJSON.framework; path = Carthage/Build/iOS/SwiftyJSON.framework; sourceTree = "<group>"; };
		846B1D441EE8A37400EB8FCD /* Category.swift */ = {isa = PBXFileReference; fileEncoding = 4; lastKnownFileType = sourcecode.swift; name = Category.swift; path = Models/Category.swift; sourceTree = "<group>"; };
		846B1D461EE8AD4400EB8FCD /* Song.swift */ = {isa = PBXFileReference; fileEncoding = 4; lastKnownFileType = sourcecode.swift; name = Song.swift; path = Models/Song.swift; sourceTree = "<group>"; };
		846B1D4C1EEB49F800EB8FCD /* SongViewModelSpec.swift */ = {isa = PBXFileReference; fileEncoding = 4; lastKnownFileType = sourcecode.swift; path = SongViewModelSpec.swift; sourceTree = "<group>"; };
		846B1D4E1EEB4B0500EB8FCD /* SongViewModel.swift */ = {isa = PBXFileReference; fileEncoding = 4; lastKnownFileType = sourcecode.swift; name = SongViewModel.swift; path = ViewModels/SongViewModel.swift; sourceTree = "<group>"; };
		846B1D511EEEEA4E00EB8FCD /* TagViewModelSpec.swift */ = {isa = PBXFileReference; fileEncoding = 4; lastKnownFileType = sourcecode.swift; path = TagViewModelSpec.swift; sourceTree = "<group>"; };
		846B1D551EEEEB9200EB8FCD /* TagViewModel.swift */ = {isa = PBXFileReference; fileEncoding = 4; lastKnownFileType = sourcecode.swift; name = TagViewModel.swift; path = ViewModels/TagViewModel.swift; sourceTree = "<group>"; };
		846B1D581EEEF72500EB8FCD /* TagTableViewController.swift */ = {isa = PBXFileReference; fileEncoding = 4; lastKnownFileType = sourcecode.swift; name = TagTableViewController.swift; path = Views/TagTableViewController.swift; sourceTree = "<group>"; };
		846B1D5A1EEEF81400EB8FCD /* TagTableViewControllerSpec.swift */ = {isa = PBXFileReference; fileEncoding = 4; lastKnownFileType = sourcecode.swift; path = TagTableViewControllerSpec.swift; sourceTree = "<group>"; };
		846B1D5C1EEF1EA200EB8FCD /* CategoryViewModelSpec.swift */ = {isa = PBXFileReference; fileEncoding = 4; lastKnownFileType = sourcecode.swift; path = CategoryViewModelSpec.swift; sourceTree = "<group>"; };
		846B1D601EEF204D00EB8FCD /* CategoryViewModel.swift */ = {isa = PBXFileReference; fileEncoding = 4; lastKnownFileType = sourcecode.swift; name = CategoryViewModel.swift; path = ViewModels/CategoryViewModel.swift; sourceTree = "<group>"; };
		846B1D641EEF256500EB8FCD /* CategoryTableViewController.swift */ = {isa = PBXFileReference; fileEncoding = 4; lastKnownFileType = sourcecode.swift; name = CategoryTableViewController.swift; path = Views/CategoryTableViewController.swift; sourceTree = "<group>"; };
		846B1D661EEF268B00EB8FCD /* CategoryTableViewControllerSpec.swift */ = {isa = PBXFileReference; fileEncoding = 4; lastKnownFileType = sourcecode.swift; path = CategoryTableViewControllerSpec.swift; sourceTree = "<group>"; };
		846B1DB91EF3345000EB8FCD /* MockAPIdata.swift */ = {isa = PBXFileReference; fileEncoding = 4; lastKnownFileType = sourcecode.swift; name = MockAPIdata.swift; path = Data/MockAPIdata.swift; sourceTree = "<group>"; };
		84E217ED1EE74CE000B17813 /* Jukebox.app */ = {isa = PBXFileReference; explicitFileType = wrapper.application; includeInIndex = 0; path = Jukebox.app; sourceTree = BUILT_PRODUCTS_DIR; };
		84E217F01EE74CE000B17813 /* AppDelegate.swift */ = {isa = PBXFileReference; lastKnownFileType = sourcecode.swift; path = AppDelegate.swift; sourceTree = "<group>"; };
		84E217F51EE74CE000B17813 /* Base */ = {isa = PBXFileReference; lastKnownFileType = file.storyboard; name = Base; path = Base.lproj/Main.storyboard; sourceTree = "<group>"; };
		84E217F71EE74CE000B17813 /* Assets.xcassets */ = {isa = PBXFileReference; lastKnownFileType = folder.assetcatalog; path = Assets.xcassets; sourceTree = "<group>"; };
		84E217FA1EE74CE000B17813 /* Base */ = {isa = PBXFileReference; lastKnownFileType = file.storyboard; name = Base; path = Base.lproj/LaunchScreen.storyboard; sourceTree = "<group>"; };
		84E217FC1EE74CE000B17813 /* Info.plist */ = {isa = PBXFileReference; lastKnownFileType = text.plist.xml; path = Info.plist; sourceTree = "<group>"; };
		84E218011EE74CE000B17813 /* JukeboxTests.xctest */ = {isa = PBXFileReference; explicitFileType = wrapper.cfbundle; includeInIndex = 0; path = JukeboxTests.xctest; sourceTree = BUILT_PRODUCTS_DIR; };
		84E218071EE74CE000B17813 /* Info.plist */ = {isa = PBXFileReference; lastKnownFileType = text.plist.xml; path = Info.plist; sourceTree = "<group>"; };
		84E2180C1EE74CE000B17813 /* JukeboxUITests.xctest */ = {isa = PBXFileReference; explicitFileType = wrapper.cfbundle; includeInIndex = 0; path = JukeboxUITests.xctest; sourceTree = BUILT_PRODUCTS_DIR; };
		84E218101EE74CE000B17813 /* JukeboxUITests.swift */ = {isa = PBXFileReference; lastKnownFileType = sourcecode.swift; path = JukeboxUITests.swift; sourceTree = "<group>"; };
		84E218121EE74CE000B17813 /* Info.plist */ = {isa = PBXFileReference; lastKnownFileType = text.plist.xml; path = Info.plist; sourceTree = "<group>"; };
/* End PBXFileReference section */

/* Begin PBXFrameworksBuildPhase section */
		84E217EA1EE74CE000B17813 /* Frameworks */ = {
			isa = PBXFrameworksBuildPhase;
			buildActionMask = 2147483647;
			files = (
				843873951F11C125003F0B45 /* ReactiveCocoa.framework in Frameworks */,
				843873961F11C125003F0B45 /* Result.framework in Frameworks */,
				843873911F11B9EC003F0B45 /* ReactiveSwift.framework in Frameworks */,
				846B1D201EE7549C00EB8FCD /* Alamofire.framework in Frameworks */,
				846B1D421EE879D200EB8FCD /* SwiftyJSON.framework in Frameworks */,
			);
			runOnlyForDeploymentPostprocessing = 0;
		};
		84E217FE1EE74CE000B17813 /* Frameworks */ = {
			isa = PBXFrameworksBuildPhase;
			buildActionMask = 2147483647;
			files = (
				846B1D231EE754A500EB8FCD /* Nimble.framework in Frameworks */,
				846B1D241EE754A500EB8FCD /* Quick.framework in Frameworks */,
			);
			runOnlyForDeploymentPostprocessing = 0;
		};
		84E218091EE74CE000B17813 /* Frameworks */ = {
			isa = PBXFrameworksBuildPhase;
			buildActionMask = 2147483647;
			files = (
			);
			runOnlyForDeploymentPostprocessing = 0;
		};
/* End PBXFrameworksBuildPhase section */

/* Begin PBXGroup section */
		8438739B1F12A3AD003F0B45 /* Services */ = {
			isa = PBXGroup;
			children = (
				846B1D381EE8550C00EB8FCD /* MusicService.swift */,
			);
			name = Services;
			sourceTree = "<group>";
		};
		843873C41F1547D7003F0B45 /* Megrim */ = {
			isa = PBXGroup;
			children = (
				843873C51F1547D7003F0B45 /* Megrim.ttf */,
				843873C61F1547D7003F0B45 /* OFL.txt */,
			);
			name = Megrim;
			path = ../Megrim;
			sourceTree = "<group>";
		};
		843873C91F154C86003F0B45 /* Rock_Salt */ = {
			isa = PBXGroup;
			children = (
				843873CA1F154C86003F0B45 /* LICENSE.txt */,
				843873CB1F154C86003F0B45 /* RockSalt.ttf */,
			);
			name = Rock_Salt;
			path = ../Rock_Salt;
			sourceTree = "<group>";
		};
		846B1D1E1EE7549C00EB8FCD /* Frameworks */ = {
			isa = PBXGroup;
			children = (
				843873931F11C125003F0B45 /* ReactiveCocoa.framework */,
				843873941F11C125003F0B45 /* Result.framework */,
				843873901F11B9EC003F0B45 /* ReactiveSwift.framework */,
				846B1D411EE879D200EB8FCD /* SwiftyJSON.framework */,
				846B1D211EE754A500EB8FCD /* Nimble.framework */,
				846B1D221EE754A500EB8FCD /* Quick.framework */,
				846B1D1F1EE7549C00EB8FCD /* Alamofire.framework */,
			);
			name = Frameworks;
			sourceTree = "<group>";
		};
		846B1D2E1EE8481E00EB8FCD /* Data */ = {
			isa = PBXGroup;
			children = (
				846B1DB91EF3345000EB8FCD /* MockAPIdata.swift */,
			);
			name = Data;
			sourceTree = "<group>";
		};
		846B1D371EE854F400EB8FCD /* Models */ = {
			isa = PBXGroup;
			children = (
				846B1D3F1EE870E000EB8FCD /* Tag.swift */,
				846B1D441EE8A37400EB8FCD /* Category.swift */,
				846B1D461EE8AD4400EB8FCD /* Song.swift */,
			);
			name = Models;
			sourceTree = "<group>";
		};
		846B1D501EEB4B0F00EB8FCD /* ViewModels */ = {
			isa = PBXGroup;
			children = (
				846B1D551EEEEB9200EB8FCD /* TagViewModel.swift */,
				846B1D601EEF204D00EB8FCD /* CategoryViewModel.swift */,
				846B1D4E1EEB4B0500EB8FCD /* SongViewModel.swift */,
			);
			name = ViewModels;
			sourceTree = "<group>";
		};
		846B1D571EEEF6F800EB8FCD /* Views */ = {
			isa = PBXGroup;
			children = (
				84E217F91EE74CE000B17813 /* LaunchScreen.storyboard */,
				84E217F41EE74CE000B17813 /* Main.storyboard */,
				8405CA1E1F04068400433FD1 /* SongCollectionViewCell.swift */,
				846B1D581EEEF72500EB8FCD /* TagTableViewController.swift */,
				846B1D641EEF256500EB8FCD /* CategoryTableViewController.swift */,
				8405CA1B1EFD750900433FD1 /* SongCollectionViewController.swift */,
			);
			name = Views;
			sourceTree = "<group>";
		};
		84E217E41EE74CE000B17813 = {
			isa = PBXGroup;
			children = (
				84E217EF1EE74CE000B17813 /* Jukebox */,
				84E218041EE74CE000B17813 /* JukeboxTests */,
				84E2180F1EE74CE000B17813 /* JukeboxUITests */,
				84E217EE1EE74CE000B17813 /* Products */,
				846B1D1E1EE7549C00EB8FCD /* Frameworks */,
				843873BF1F1425E8003F0B45 /* Jukebox copy-Info.plist */,
			);
			sourceTree = "<group>";
		};
		84E217EE1EE74CE000B17813 /* Products */ = {
			isa = PBXGroup;
			children = (
				84E217ED1EE74CE000B17813 /* Jukebox.app */,
				84E218011EE74CE000B17813 /* JukeboxTests.xctest */,
				84E2180C1EE74CE000B17813 /* JukeboxUITests.xctest */,
			);
			name = Products;
			sourceTree = "<group>";
		};
		84E217EF1EE74CE000B17813 /* Jukebox */ = {
			isa = PBXGroup;
			children = (
				84F23F5C1F1567550059241A /* Resources */,
				846B1D371EE854F400EB8FCD /* Models */,
				846B1D571EEEF6F800EB8FCD /* Views */,
				846B1D501EEB4B0F00EB8FCD /* ViewModels */,
				8438739B1F12A3AD003F0B45 /* Services */,
				846B1D2E1EE8481E00EB8FCD /* Data */,
				84E217F01EE74CE000B17813 /* AppDelegate.swift */,
				84E217F71EE74CE000B17813 /* Assets.xcassets */,
				84E217FC1EE74CE000B17813 /* Info.plist */,
				843873CE1F1562E2003F0B45 /* secrets.swift */,
			);
			path = Jukebox;
			sourceTree = "<group>";
		};
		84E218041EE74CE000B17813 /* JukeboxTests */ = {
			isa = PBXGroup;
			children = (
				84E218071EE74CE000B17813 /* Info.plist */,
				846B1D3A1EE8594200EB8FCD /* MusicServiceSpec.swift */,
				846B1D4C1EEB49F800EB8FCD /* SongViewModelSpec.swift */,
				846B1D511EEEEA4E00EB8FCD /* TagViewModelSpec.swift */,
				846B1D5A1EEEF81400EB8FCD /* TagTableViewControllerSpec.swift */,
				846B1D5C1EEF1EA200EB8FCD /* CategoryViewModelSpec.swift */,
				846B1D661EEF268B00EB8FCD /* CategoryTableViewControllerSpec.swift */,
			);
			path = JukeboxTests;
			sourceTree = "<group>";
		};
		84E2180F1EE74CE000B17813 /* JukeboxUITests */ = {
			isa = PBXGroup;
			children = (
				84E218101EE74CE000B17813 /* JukeboxUITests.swift */,
				84E218121EE74CE000B17813 /* Info.plist */,
			);
			path = JukeboxUITests;
			sourceTree = "<group>";
		};
		84F23F5C1F1567550059241A /* Resources */ = {
			isa = PBXGroup;
			children = (
				843873C91F154C86003F0B45 /* Rock_Salt */,
				843873C41F1547D7003F0B45 /* Megrim */,
			);
			path = Resources;
			sourceTree = "<group>";
		};
/* End PBXGroup section */

/* Begin PBXNativeTarget section */
		84E217EC1EE74CE000B17813 /* Jukebox */ = {
			isa = PBXNativeTarget;
			buildConfigurationList = 84E218151EE74CE000B17813 /* Build configuration list for PBXNativeTarget "Jukebox" */;
			buildPhases = (
				84E217E91EE74CE000B17813 /* Sources */,
				84E217EA1EE74CE000B17813 /* Frameworks */,
				84E217EB1EE74CE000B17813 /* Resources */,
				846B1D251EE754A900EB8FCD /* CopyFiles */,
			);
			buildRules = (
			);
			dependencies = (
			);
			name = Jukebox;
			productName = Jukebox;
			productReference = 84E217ED1EE74CE000B17813 /* Jukebox.app */;
			productType = "com.apple.product-type.application";
		};
		84E218001EE74CE000B17813 /* JukeboxTests */ = {
			isa = PBXNativeTarget;
			buildConfigurationList = 84E218181EE74CE000B17813 /* Build configuration list for PBXNativeTarget "JukeboxTests" */;
			buildPhases = (
				84E217FD1EE74CE000B17813 /* Sources */,
				84E217FE1EE74CE000B17813 /* Frameworks */,
				84E217FF1EE74CE000B17813 /* Resources */,
				846B1D271EE754BC00EB8FCD /* CopyFiles */,
			);
			buildRules = (
			);
			dependencies = (
				84E218031EE74CE000B17813 /* PBXTargetDependency */,
			);
			name = JukeboxTests;
			productName = JukeboxTests;
			productReference = 84E218011EE74CE000B17813 /* JukeboxTests.xctest */;
			productType = "com.apple.product-type.bundle.unit-test";
		};
		84E2180B1EE74CE000B17813 /* JukeboxUITests */ = {
			isa = PBXNativeTarget;
			buildConfigurationList = 84E2181B1EE74CE000B17813 /* Build configuration list for PBXNativeTarget "JukeboxUITests" */;
			buildPhases = (
				84E218081EE74CE000B17813 /* Sources */,
				84E218091EE74CE000B17813 /* Frameworks */,
				84E2180A1EE74CE000B17813 /* Resources */,
			);
			buildRules = (
			);
			dependencies = (
				84E2180E1EE74CE000B17813 /* PBXTargetDependency */,
			);
			name = JukeboxUITests;
			productName = JukeboxUITests;
			productReference = 84E2180C1EE74CE000B17813 /* JukeboxUITests.xctest */;
			productType = "com.apple.product-type.bundle.ui-testing";
		};
/* End PBXNativeTarget section */

/* Begin PBXProject section */
		84E217E51EE74CE000B17813 /* Project object */ = {
			isa = PBXProject;
			attributes = {
				LastSwiftUpdateCheck = 0830;
				LastUpgradeCheck = 0830;
				ORGANIZATIONNAME = "SangMee Specht";
				TargetAttributes = {
					84E217EC1EE74CE000B17813 = {
						CreatedOnToolsVersion = 8.3.2;
						DevelopmentTeam = XJMMPU957Q;
						ProvisioningStyle = Automatic;
					};
					84E218001EE74CE000B17813 = {
						CreatedOnToolsVersion = 8.3.2;
						DevelopmentTeam = XJMMPU957Q;
						ProvisioningStyle = Automatic;
						TestTargetID = 84E217EC1EE74CE000B17813;
					};
					84E2180B1EE74CE000B17813 = {
						CreatedOnToolsVersion = 8.3.2;
						DevelopmentTeam = XJMMPU957Q;
						ProvisioningStyle = Automatic;
						TestTargetID = 84E217EC1EE74CE000B17813;
					};
				};
			};
			buildConfigurationList = 84E217E81EE74CE000B17813 /* Build configuration list for PBXProject "Jukebox" */;
			compatibilityVersion = "Xcode 3.2";
			developmentRegion = English;
			hasScannedForEncodings = 0;
			knownRegions = (
				en,
				Base,
			);
			mainGroup = 84E217E41EE74CE000B17813;
			productRefGroup = 84E217EE1EE74CE000B17813 /* Products */;
			projectDirPath = "";
			projectRoot = "";
			targets = (
				84E217EC1EE74CE000B17813 /* Jukebox */,
				84E218001EE74CE000B17813 /* JukeboxTests */,
				84E2180B1EE74CE000B17813 /* JukeboxUITests */,
			);
		};
/* End PBXProject section */

/* Begin PBXResourcesBuildPhase section */
		84E217EB1EE74CE000B17813 /* Resources */ = {
			isa = PBXResourcesBuildPhase;
			buildActionMask = 2147483647;
			files = (
				843873CC1F154C86003F0B45 /* LICENSE.txt in Resources */,
				843873C81F1547D7003F0B45 /* OFL.txt in Resources */,
				843873CD1F154C86003F0B45 /* RockSalt.ttf in Resources */,
				84E217FB1EE74CE000B17813 /* LaunchScreen.storyboard in Resources */,
				84E217F81EE74CE000B17813 /* Assets.xcassets in Resources */,
				84E217F61EE74CE000B17813 /* Main.storyboard in Resources */,
				843873C71F1547D7003F0B45 /* Megrim.ttf in Resources */,
			);
			runOnlyForDeploymentPostprocessing = 0;
		};
		84E217FF1EE74CE000B17813 /* Resources */ = {
			isa = PBXResourcesBuildPhase;
			buildActionMask = 2147483647;
			files = (
			);
			runOnlyForDeploymentPostprocessing = 0;
		};
		84E2180A1EE74CE000B17813 /* Resources */ = {
			isa = PBXResourcesBuildPhase;
			buildActionMask = 2147483647;
			files = (
			);
			runOnlyForDeploymentPostprocessing = 0;
		};
/* End PBXResourcesBuildPhase section */

/* Begin PBXSourcesBuildPhase section */
		84E217E91EE74CE000B17813 /* Sources */ = {
			isa = PBXSourcesBuildPhase;
			buildActionMask = 2147483647;
			files = (
				846B1D471EE8AD4400EB8FCD /* Song.swift in Sources */,
				843873CF1F1562E2003F0B45 /* secrets.swift in Sources */,
				846B1D4F1EEB4B0500EB8FCD /* SongViewModel.swift in Sources */,
				846B1D591EEEF72500EB8FCD /* TagTableViewController.swift in Sources */,
				8405CA1F1F04068400433FD1 /* SongCollectionViewCell.swift in Sources */,
				846B1D611EEF204D00EB8FCD /* CategoryViewModel.swift in Sources */,
				846B1D451EE8A37400EB8FCD /* Category.swift in Sources */,
				8405CA1C1EFD750900433FD1 /* SongCollectionViewController.swift in Sources */,
				846B1DBA1EF3345000EB8FCD /* MockAPIdata.swift in Sources */,
				846B1D561EEEEB9200EB8FCD /* TagViewModel.swift in Sources */,
				846B1D401EE870E000EB8FCD /* Tag.swift in Sources */,
				846B1D391EE8550C00EB8FCD /* MusicService.swift in Sources */,
				84E217F11EE74CE000B17813 /* AppDelegate.swift in Sources */,
				846B1D651EEF256500EB8FCD /* CategoryTableViewController.swift in Sources */,
			);
			runOnlyForDeploymentPostprocessing = 0;
		};
		84E217FD1EE74CE000B17813 /* Sources */ = {
			isa = PBXSourcesBuildPhase;
			buildActionMask = 2147483647;
			files = (
				846B1D3B1EE8594200EB8FCD /* MusicServiceSpec.swift in Sources */,
				846B1D4D1EEB49F800EB8FCD /* SongViewModelSpec.swift in Sources */,
				846B1D5D1EEF1EA200EB8FCD /* CategoryViewModelSpec.swift in Sources */,
				846B1D5B1EEEF81400EB8FCD /* TagTableViewControllerSpec.swift in Sources */,
				846B1D671EEF268B00EB8FCD /* CategoryTableViewControllerSpec.swift in Sources */,
				846B1D521EEEEA4E00EB8FCD /* TagViewModelSpec.swift in Sources */,
			);
			runOnlyForDeploymentPostprocessing = 0;
		};
		84E218081EE74CE000B17813 /* Sources */ = {
			isa = PBXSourcesBuildPhase;
			buildActionMask = 2147483647;
			files = (
				84E218111EE74CE000B17813 /* JukeboxUITests.swift in Sources */,
			);
			runOnlyForDeploymentPostprocessing = 0;
		};
/* End PBXSourcesBuildPhase section */

/* Begin PBXTargetDependency section */
		84E218031EE74CE000B17813 /* PBXTargetDependency */ = {
			isa = PBXTargetDependency;
			target = 84E217EC1EE74CE000B17813 /* Jukebox */;
			targetProxy = 84E218021EE74CE000B17813 /* PBXContainerItemProxy */;
		};
		84E2180E1EE74CE000B17813 /* PBXTargetDependency */ = {
			isa = PBXTargetDependency;
			target = 84E217EC1EE74CE000B17813 /* Jukebox */;
			targetProxy = 84E2180D1EE74CE000B17813 /* PBXContainerItemProxy */;
		};
/* End PBXTargetDependency section */

/* Begin PBXVariantGroup section */
		84E217F41EE74CE000B17813 /* Main.storyboard */ = {
			isa = PBXVariantGroup;
			children = (
				84E217F51EE74CE000B17813 /* Base */,
			);
			name = Main.storyboard;
			sourceTree = "<group>";
		};
		84E217F91EE74CE000B17813 /* LaunchScreen.storyboard */ = {
			isa = PBXVariantGroup;
			children = (
				84E217FA1EE74CE000B17813 /* Base */,
			);
			name = LaunchScreen.storyboard;
			sourceTree = "<group>";
		};
/* End PBXVariantGroup section */

/* Begin XCBuildConfiguration section */
		84E218131EE74CE000B17813 /* Debug */ = {
			isa = XCBuildConfiguration;
			buildSettings = {
				ALWAYS_SEARCH_USER_PATHS = NO;
				CLANG_ANALYZER_NONNULL = YES;
				CLANG_ANALYZER_NUMBER_OBJECT_CONVERSION = YES_AGGRESSIVE;
				CLANG_CXX_LANGUAGE_STANDARD = "gnu++0x";
				CLANG_CXX_LIBRARY = "libc++";
				CLANG_ENABLE_MODULES = YES;
				CLANG_ENABLE_OBJC_ARC = YES;
				CLANG_WARN_BOOL_CONVERSION = YES;
				CLANG_WARN_CONSTANT_CONVERSION = YES;
				CLANG_WARN_DIRECT_OBJC_ISA_USAGE = YES_ERROR;
				CLANG_WARN_DOCUMENTATION_COMMENTS = YES;
				CLANG_WARN_EMPTY_BODY = YES;
				CLANG_WARN_ENUM_CONVERSION = YES;
				CLANG_WARN_INFINITE_RECURSION = YES;
				CLANG_WARN_INT_CONVERSION = YES;
				CLANG_WARN_OBJC_ROOT_CLASS = YES_ERROR;
				CLANG_WARN_SUSPICIOUS_MOVE = YES;
				CLANG_WARN_UNREACHABLE_CODE = YES;
				CLANG_WARN__DUPLICATE_METHOD_MATCH = YES;
				"CODE_SIGN_IDENTITY[sdk=iphoneos*]" = "iPhone Developer";
				COPY_PHASE_STRIP = NO;
				DEBUG_INFORMATION_FORMAT = dwarf;
				ENABLE_STRICT_OBJC_MSGSEND = YES;
				ENABLE_TESTABILITY = YES;
				GCC_C_LANGUAGE_STANDARD = gnu99;
				GCC_DYNAMIC_NO_PIC = NO;
				GCC_NO_COMMON_BLOCKS = YES;
				GCC_OPTIMIZATION_LEVEL = 0;
				GCC_PREPROCESSOR_DEFINITIONS = (
					"DEBUG=1",
					"$(inherited)",
				);
				GCC_WARN_64_TO_32_BIT_CONVERSION = YES;
				GCC_WARN_ABOUT_RETURN_TYPE = YES_ERROR;
				GCC_WARN_UNDECLARED_SELECTOR = YES;
				GCC_WARN_UNINITIALIZED_AUTOS = YES_AGGRESSIVE;
				GCC_WARN_UNUSED_FUNCTION = YES;
				GCC_WARN_UNUSED_VARIABLE = YES;
				IPHONEOS_DEPLOYMENT_TARGET = 10.3;
				MTL_ENABLE_DEBUG_INFO = YES;
				ONLY_ACTIVE_ARCH = YES;
				SDKROOT = iphoneos;
				SWIFT_ACTIVE_COMPILATION_CONDITIONS = DEBUG;
				SWIFT_OPTIMIZATION_LEVEL = "-Onone";
			};
			name = Debug;
		};
		84E218141EE74CE000B17813 /* Release */ = {
			isa = XCBuildConfiguration;
			buildSettings = {
				ALWAYS_SEARCH_USER_PATHS = NO;
				CLANG_ANALYZER_NONNULL = YES;
				CLANG_ANALYZER_NUMBER_OBJECT_CONVERSION = YES_AGGRESSIVE;
				CLANG_CXX_LANGUAGE_STANDARD = "gnu++0x";
				CLANG_CXX_LIBRARY = "libc++";
				CLANG_ENABLE_MODULES = YES;
				CLANG_ENABLE_OBJC_ARC = YES;
				CLANG_WARN_BOOL_CONVERSION = YES;
				CLANG_WARN_CONSTANT_CONVERSION = YES;
				CLANG_WARN_DIRECT_OBJC_ISA_USAGE = YES_ERROR;
				CLANG_WARN_DOCUMENTATION_COMMENTS = YES;
				CLANG_WARN_EMPTY_BODY = YES;
				CLANG_WARN_ENUM_CONVERSION = YES;
				CLANG_WARN_INFINITE_RECURSION = YES;
				CLANG_WARN_INT_CONVERSION = YES;
				CLANG_WARN_OBJC_ROOT_CLASS = YES_ERROR;
				CLANG_WARN_SUSPICIOUS_MOVE = YES;
				CLANG_WARN_UNREACHABLE_CODE = YES;
				CLANG_WARN__DUPLICATE_METHOD_MATCH = YES;
				"CODE_SIGN_IDENTITY[sdk=iphoneos*]" = "iPhone Developer";
				COPY_PHASE_STRIP = NO;
				DEBUG_INFORMATION_FORMAT = "dwarf-with-dsym";
				ENABLE_NS_ASSERTIONS = NO;
				ENABLE_STRICT_OBJC_MSGSEND = YES;
				GCC_C_LANGUAGE_STANDARD = gnu99;
				GCC_NO_COMMON_BLOCKS = YES;
				GCC_WARN_64_TO_32_BIT_CONVERSION = YES;
				GCC_WARN_ABOUT_RETURN_TYPE = YES_ERROR;
				GCC_WARN_UNDECLARED_SELECTOR = YES;
				GCC_WARN_UNINITIALIZED_AUTOS = YES_AGGRESSIVE;
				GCC_WARN_UNUSED_FUNCTION = YES;
				GCC_WARN_UNUSED_VARIABLE = YES;
				IPHONEOS_DEPLOYMENT_TARGET = 10.3;
				MTL_ENABLE_DEBUG_INFO = NO;
				SDKROOT = iphoneos;
				SWIFT_OPTIMIZATION_LEVEL = "-Owholemodule";
				VALIDATE_PRODUCT = YES;
			};
			name = Release;
		};
		84E218161EE74CE000B17813 /* Debug */ = {
			isa = XCBuildConfiguration;
			buildSettings = {
				ASSETCATALOG_COMPILER_APPICON_NAME = AppIcon;
				DEVELOPMENT_TEAM = XJMMPU957Q;
				FRAMEWORK_SEARCH_PATHS = (
					"$(inherited)",
					"$(PROJECT_DIR)/Carthage/Build/iOS",
				);
				INFOPLIST_FILE = Jukebox/Info.plist;
				LD_RUNPATH_SEARCH_PATHS = "$(inherited) @executable_path/Frameworks";
				PRODUCT_BUNDLE_IDENTIFIER = com.thoughtworks.acprogram.Jukebox;
				PRODUCT_NAME = "$(TARGET_NAME)";
				SWIFT_VERSION = 3.0;
			};
			name = Debug;
		};
		84E218171EE74CE000B17813 /* Release */ = {
			isa = XCBuildConfiguration;
			buildSettings = {
				ASSETCATALOG_COMPILER_APPICON_NAME = AppIcon;
				DEVELOPMENT_TEAM = XJMMPU957Q;
				FRAMEWORK_SEARCH_PATHS = (
					"$(inherited)",
					"$(PROJECT_DIR)/Carthage/Build/iOS",
				);
				INFOPLIST_FILE = Jukebox/Info.plist;
				LD_RUNPATH_SEARCH_PATHS = "$(inherited) @executable_path/Frameworks";
				PRODUCT_BUNDLE_IDENTIFIER = com.thoughtworks.acprogram.Jukebox;
				PRODUCT_NAME = "$(TARGET_NAME)";
				SWIFT_VERSION = 3.0;
			};
			name = Release;
		};
		84E218191EE74CE000B17813 /* Debug */ = {
			isa = XCBuildConfiguration;
			buildSettings = {
				ALWAYS_EMBED_SWIFT_STANDARD_LIBRARIES = YES;
				BUNDLE_LOADER = "$(TEST_HOST)";
				DEVELOPMENT_TEAM = XJMMPU957Q;
				FRAMEWORK_SEARCH_PATHS = (
					"$(inherited)",
					"$(PROJECT_DIR)/Carthage/Build/iOS",
				);
				INFOPLIST_FILE = JukeboxTests/Info.plist;
				LD_RUNPATH_SEARCH_PATHS = "$(inherited) @executable_path/Frameworks @loader_path/Frameworks";
				PRODUCT_BUNDLE_IDENTIFIER = com.thoughtworks.acprogram.JukeboxTests;
				PRODUCT_NAME = "$(TARGET_NAME)";
				SWIFT_VERSION = 3.0;
				TEST_HOST = "$(BUILT_PRODUCTS_DIR)/Jukebox.app/Jukebox";
			};
			name = Debug;
		};
		84E2181A1EE74CE000B17813 /* Release */ = {
			isa = XCBuildConfiguration;
			buildSettings = {
				ALWAYS_EMBED_SWIFT_STANDARD_LIBRARIES = YES;
				BUNDLE_LOADER = "$(TEST_HOST)";
				DEVELOPMENT_TEAM = XJMMPU957Q;
				FRAMEWORK_SEARCH_PATHS = (
					"$(inherited)",
					"$(PROJECT_DIR)/Carthage/Build/iOS",
				);
				INFOPLIST_FILE = JukeboxTests/Info.plist;
				LD_RUNPATH_SEARCH_PATHS = "$(inherited) @executable_path/Frameworks @loader_path/Frameworks";
				PRODUCT_BUNDLE_IDENTIFIER = com.thoughtworks.acprogram.JukeboxTests;
				PRODUCT_NAME = "$(TARGET_NAME)";
				SWIFT_VERSION = 3.0;
				TEST_HOST = "$(BUILT_PRODUCTS_DIR)/Jukebox.app/Jukebox";
			};
			name = Release;
		};
		84E2181C1EE74CE000B17813 /* Debug */ = {
			isa = XCBuildConfiguration;
			buildSettings = {
				ALWAYS_EMBED_SWIFT_STANDARD_LIBRARIES = YES;
				DEVELOPMENT_TEAM = XJMMPU957Q;
				INFOPLIST_FILE = JukeboxUITests/Info.plist;
				LD_RUNPATH_SEARCH_PATHS = "$(inherited) @executable_path/Frameworks @loader_path/Frameworks";
				PRODUCT_BUNDLE_IDENTIFIER = com.thoughtworks.acprogram.JukeboxUITests;
				PRODUCT_NAME = "$(TARGET_NAME)";
				SWIFT_VERSION = 3.0;
				TEST_TARGET_NAME = Jukebox;
			};
			name = Debug;
		};
		84E2181D1EE74CE000B17813 /* Release */ = {
			isa = XCBuildConfiguration;
			buildSettings = {
				ALWAYS_EMBED_SWIFT_STANDARD_LIBRARIES = YES;
				DEVELOPMENT_TEAM = XJMMPU957Q;
				INFOPLIST_FILE = JukeboxUITests/Info.plist;
				LD_RUNPATH_SEARCH_PATHS = "$(inherited) @executable_path/Frameworks @loader_path/Frameworks";
				PRODUCT_BUNDLE_IDENTIFIER = com.thoughtworks.acprogram.JukeboxUITests;
				PRODUCT_NAME = "$(TARGET_NAME)";
				SWIFT_VERSION = 3.0;
				TEST_TARGET_NAME = Jukebox;
			};
			name = Release;
		};
/* End XCBuildConfiguration section */

/* Begin XCConfigurationList section */
		84E217E81EE74CE000B17813 /* Build configuration list for PBXProject "Jukebox" */ = {
			isa = XCConfigurationList;
			buildConfigurations = (
				84E218131EE74CE000B17813 /* Debug */,
				84E218141EE74CE000B17813 /* Release */,
			);
			defaultConfigurationIsVisible = 0;
			defaultConfigurationName = Release;
		};
		84E218151EE74CE000B17813 /* Build configuration list for PBXNativeTarget "Jukebox" */ = {
			isa = XCConfigurationList;
			buildConfigurations = (
				84E218161EE74CE000B17813 /* Debug */,
				84E218171EE74CE000B17813 /* Release */,
			);
			defaultConfigurationIsVisible = 0;
			defaultConfigurationName = Release;
		};
		84E218181EE74CE000B17813 /* Build configuration list for PBXNativeTarget "JukeboxTests" */ = {
			isa = XCConfigurationList;
			buildConfigurations = (
				84E218191EE74CE000B17813 /* Debug */,
				84E2181A1EE74CE000B17813 /* Release */,
			);
			defaultConfigurationIsVisible = 0;
			defaultConfigurationName = Release;
		};
		84E2181B1EE74CE000B17813 /* Build configuration list for PBXNativeTarget "JukeboxUITests" */ = {
			isa = XCConfigurationList;
			buildConfigurations = (
				84E2181C1EE74CE000B17813 /* Debug */,
				84E2181D1EE74CE000B17813 /* Release */,
			);
			defaultConfigurationIsVisible = 0;
			defaultConfigurationName = Release;
		};
/* End XCConfigurationList section */
	};
	rootObject = 84E217E51EE74CE000B17813 /* Project object */;
}
